
Microsoft Visual Studio Solution File, Format Version 12.00
# Visual Studio Version 17
VisualStudioVersion = 17.14.36408.4 d17.14
MinimumVisualStudioVersion = 10.0.40219.1
Project("{FAE04EC0-301F-11D3-BF4B-00C04F79EFBC}") = "Aufgabe-16", "Aufgabe-16.csproj", "{F730239A-6F16-44B0-BE9E-E60035E670EB}"
EndProject
Global
	GlobalSection(SolutionConfigurationPlatforms) = preSolution
		Debug|Any CPU = Debug|Any CPU
		Release|Any CPU = Release|Any CPU
	EndGlobalSection
	GlobalSection(ProjectConfigurationPlatforms) = postSolution
		{F730239A-6F16-44B0-BE9E-E60035E670EB}.Debug|Any CPU.ActiveCfg = Debug|Any CPU
		{F730239A-6F16-44B0-BE9E-E60035E670EB}.Debug|Any CPU.Build.0 = Debug|Any CPU
		{F730239A-6F16-44B0-BE9E-E60035E670EB}.Release|Any CPU.ActiveCfg = Release|Any CPU
		{F730239A-6F16-44B0-BE9E-E60035E670EB}.Release|Any CPU.Build.0 = Release|Any CPU
	EndGlobalSection
	GlobalSection(SolutionProperties) = preSolution
		HideSolutionNode = FALSE
	EndGlobalSection
	GlobalSection(ExtensibilityGlobals) = postSolution
		SolutionGuid = {4A09288E-6A01-4319-A603-F9E1A0442F2A}
	EndGlobalSection
EndGlobal
